
Microsoft Visual Studio Solution File, Format Version 12.00
# Visual Studio Version 17
VisualStudioVersion = 17.11.35327.3
MinimumVisualStudioVersion = 10.0.40219.1
Project("{FAE04EC0-301F-11D3-BF4B-00C04F79EFBC}") = "Yves", "Yves\Yves.csproj", "{8511FB27-6F7F-4509-A7F6-96081D4005B2}"
EndProject
Global
	GlobalSection(SolutionConfigurationPlatforms) = preSolution
		Debug|Any CPU = Debug|Any CPU
		Release|Any CPU = Release|Any CPU
	EndGlobalSection
	GlobalSection(ProjectConfigurationPlatforms) = postSolution
		{8511FB27-6F7F-4509-A7F6-96081D4005B2}.Debug|Any CPU.ActiveCfg = Debug|Any CPU
		{8511FB27-6F7F-4509-A7F6-96081D4005B2}.Debug|Any CPU.Build.0 = Debug|Any CPU
		{8511FB27-6F7F-4509-A7F6-96081D4005B2}.Release|Any CPU.ActiveCfg = Release|Any CPU
		{8511FB27-6F7F-4509-A7F6-96081D4005B2}.Release|Any CPU.Build.0 = Release|Any CPU
	EndGlobalSection
	GlobalSection(SolutionProperties) = preSolution
		HideSolutionNode = FALSE
	EndGlobalSection
	GlobalSection(ExtensibilityGlobals) = postSolution
		SolutionGuid = {43C130F6-42B7-46A4-98EC-56BB914A4B0E}
	EndGlobalSection
EndGlobal
